
Microsoft Visual Studio Solution File, Format Version 12.00
# Visual Studio Version 17
VisualStudioVersion = 17.9.34902.65
MinimumVisualStudioVersion = 10.0.40219.1
Project("{9A19103F-16F7-4668-BE54-9A1E7A4F7556}") = "Uzduotis02", "Uzduotis02\Uzduotis02.csproj", "{6FA6F4D6-2F65-4478-851A-BB5E2FFC30E7}"
EndProject
Project("{9A19103F-16F7-4668-BE54-9A1E7A4F7556}") = "Uzduotis03", "Uzduotis03\Uzduotis03.csproj", "{82E9751C-EF0B-4E1C-8A4F-0DDD7B58F093}"
EndProject
Project("{9A19103F-16F7-4668-BE54-9A1E7A4F7556}") = "Uzduotis04", "Uzduotis04\Uzduotis04.csproj", "{F5D70B7F-49D4-4CB7-A158-755B43F50231}"
EndProject
Project("{9A19103F-16F7-4668-BE54-9A1E7A4F7556}") = "Uzduotis05", "Uzduotis05\Uzduotis05.csproj", "{776DBAFD-1FA5-47AA-B4E6-F4584445972F}"
EndProject
Project("{9A19103F-16F7-4668-BE54-9A1E7A4F7556}") = "Uzduotis01", "Uzduotis01\Uzduotis01.csproj", "{0B9119BA-AC5A-43AC-BEC2-0D88CCDDA812}"
EndProject
Project("{FAE04EC0-301F-11D3-BF4B-00C04F79EFBC}") = "Uzduotis06", "Uzduotis06\Uzduotis06.csproj", "{8F578FFE-8614-4A43-ADBD-06DE3F99B428}"
EndProject
Global
	GlobalSection(SolutionConfigurationPlatforms) = preSolution
		Debug|Any CPU = Debug|Any CPU
		Release|Any CPU = Release|Any CPU
	EndGlobalSection
	GlobalSection(ProjectConfigurationPlatforms) = postSolution
		{6FA6F4D6-2F65-4478-851A-BB5E2FFC30E7}.Debug|Any CPU.ActiveCfg = Debug|Any CPU
		{6FA6F4D6-2F65-4478-851A-BB5E2FFC30E7}.Debug|Any CPU.Build.0 = Debug|Any CPU
		{6FA6F4D6-2F65-4478-851A-BB5E2FFC30E7}.Release|Any CPU.ActiveCfg = Release|Any CPU
		{6FA6F4D6-2F65-4478-851A-BB5E2FFC30E7}.Release|Any CPU.Build.0 = Release|Any CPU
		{82E9751C-EF0B-4E1C-8A4F-0DDD7B58F093}.Debug|Any CPU.ActiveCfg = Debug|Any CPU
		{82E9751C-EF0B-4E1C-8A4F-0DDD7B58F093}.Debug|Any CPU.Build.0 = Debug|Any CPU
		{82E9751C-EF0B-4E1C-8A4F-0DDD7B58F093}.Release|Any CPU.ActiveCfg = Release|Any CPU
		{82E9751C-EF0B-4E1C-8A4F-0DDD7B58F093}.Release|Any CPU.Build.0 = Release|Any CPU
		{F5D70B7F-49D4-4CB7-A158-755B43F50231}.Debug|Any CPU.ActiveCfg = Debug|Any CPU
		{F5D70B7F-49D4-4CB7-A158-755B43F50231}.Debug|Any CPU.Build.0 = Debug|Any CPU
		{F5D70B7F-49D4-4CB7-A158-755B43F50231}.Release|Any CPU.ActiveCfg = Release|Any CPU
		{F5D70B7F-49D4-4CB7-A158-755B43F50231}.Release|Any CPU.Build.0 = Release|Any CPU
		{776DBAFD-1FA5-47AA-B4E6-F4584445972F}.Debug|Any CPU.ActiveCfg = Debug|Any CPU
		{776DBAFD-1FA5-47AA-B4E6-F4584445972F}.Debug|Any CPU.Build.0 = Debug|Any CPU
		{776DBAFD-1FA5-47AA-B4E6-F4584445972F}.Release|Any CPU.ActiveCfg = Release|Any CPU
		{776DBAFD-1FA5-47AA-B4E6-F4584445972F}.Release|Any CPU.Build.0 = Release|Any CPU
		{0B9119BA-AC5A-43AC-BEC2-0D88CCDDA812}.Debug|Any CPU.ActiveCfg = Debug|Any CPU
		{0B9119BA-AC5A-43AC-BEC2-0D88CCDDA812}.Debug|Any CPU.Build.0 = Debug|Any CPU
		{0B9119BA-AC5A-43AC-BEC2-0D88CCDDA812}.Release|Any CPU.ActiveCfg = Release|Any CPU
		{0B9119BA-AC5A-43AC-BEC2-0D88CCDDA812}.Release|Any CPU.Build.0 = Release|Any CPU
		{8F578FFE-8614-4A43-ADBD-06DE3F99B428}.Debug|Any CPU.ActiveCfg = Debug|Any CPU
		{8F578FFE-8614-4A43-ADBD-06DE3F99B428}.Debug|Any CPU.Build.0 = Debug|Any CPU
		{8F578FFE-8614-4A43-ADBD-06DE3F99B428}.Release|Any CPU.ActiveCfg = Release|Any CPU
		{8F578FFE-8614-4A43-ADBD-06DE3F99B428}.Release|Any CPU.Build.0 = Release|Any CPU
	EndGlobalSection
	GlobalSection(SolutionProperties) = preSolution
		HideSolutionNode = FALSE
	EndGlobalSection
	GlobalSection(ExtensibilityGlobals) = postSolution
		SolutionGuid = {1B4E0D8D-E001-48A0-A831-5A46C050DD03}
	EndGlobalSection
EndGlobal
